<?xml version="1.0" encoding="utf-8"?>
<Project ToolsVersion="4.0" xmlns="http://schemas.microsoft.com/developer/msbuild/2003">
  <ItemGroup>
    <Filter Include="Source Files">
      <UniqueIdentifier>{4FC737F1-C7A5-4376-A066-2A32D752A2FF}</UniqueIdentifier>
      <Extensions>cpp;c;cc;cxx;def;odl;idl;hpj;bat;asm;asmx</Extensions>
    </Filter>
    <Filter Include="Header Files">
      <UniqueIdentifier>{93995380-89BD-4b04-88EB-625FBE52EBFB}</UniqueIdentifier>
      <Extensions>h;hh;hpp;hxx;hm;inl;inc;xsd</Extensions>
    </Filter>
    <Filter Include="Resource Files">
      <UniqueIdentifier>{67DA6AB6-F800-4c08-8B7A-83BB121AAD01}</UniqueIdentifier>
      <Extensions>rc;ico;cur;bmp;dlg;rc2;rct;bin;rgs;gif;jpg;jpeg;jpe;resx;tiff;tif;png;wav;mfcribbon-ms</Extensions>
    </Filter>
    <Filter Include="Utilities">
      <UniqueIdentifier>{429c9a35-3cef-49c5-89c7-510be3d2bd67}</UniqueIdentifier>
    </Filter>
  </ItemGroup>
  <ItemGroup>
    <ClCompile Include="main.cpp">
      <Filter>Source Files</Filter>
    </ClCompile>
  </ItemGroup>
  <ItemGroup>
    <ClInclude Include="Utilities\cyBVH.h">
      <Filter>Utilities</Filter>
    </ClInclude>
    <ClInclude Include="Utilities\cyColor.h">
      <Filter>Utilities</Filter>
    </ClInclude>
    <ClInclude Include="Utilities\cyCore.h">
      <Filter>Utilities</Filter>
    </ClInclude>
    <ClInclude Include="Utilities\cyGL.h">
      <Filter>Utilities</Filter>
    </ClInclude>
    <ClInclude Include="Utilities\cyHairFile.h">
      <Filter>Utilities</Filter>
    </ClInclude>
    <ClInclude Include="Utilities\cyHeap.h">
      <Filter>Utilities</Filter>
    </ClInclude>
    <ClInclude Include="Utilities\cyIPoint.h">
      <Filter>Utilities</Filter>
    </ClInclude>
    <ClInclude Include="Utilities\cyLightingGrid.h">
      <Filter>Utilities</Filter>
    </ClInclude>
    <ClInclude Include="Utilities\cyMatrix.h">
      <Filter>Utilities</Filter>
    </ClInclude>
    <ClInclude Include="Utilities\cyPoint.h">
      <Filter>Utilities</Filter>
    </ClInclude>
    <ClInclude Include="Utilities\cyPointCloud.h">
      <Filter>Utilities</Filter>
    </ClInclude>
    <ClInclude Include="Utilities\cyQuat.h">
      <Filter>Utilities</Filter>
    </ClInclude>
    <ClInclude Include="Utilities\cySampleElim.h">
      <Filter>Utilities</Filter>
    </ClInclude>
    <ClInclude Include="Utilities\cySpatial.h">
      <Filter>Utilities</Filter>
    </ClInclude>
    <ClInclude Include="Utilities\cyString.h">
      <Filter>Utilities</Filter>
    </ClInclude>
    <ClInclude Include="Utilities\cyTimer.h">
      <Filter>Utilities</Filter>
    </ClInclude>
    <ClInclude Include="Utilities\cyTriMesh.h">
      <Filter>Utilities</Filter>
    </ClInclude>
  </ItemGroup>
  <ItemGroup>
    <None Include="Utilities\LICENSE" />
    <None Include="Utilities\README.md" />
  </ItemGroup>
</Project>